
Microsoft Visual Studio Solution File, Format Version 12.00
# Visual Studio 15
VisualStudioVersion = 15.0.28307.421
MinimumVisualStudioVersion = 10.0.40219.1
Project("{FAE04EC0-301F-11D3-BF4B-00C04F79EFBC}") = "localegen", "localegen\localegen.csproj", "{C529D25B-CA3E-41F5-91EA-DA8EAC8523DF}"
EndProject
Global
	GlobalSection(SolutionConfigurationPlatforms) = preSolution
		Debug|Any CPU = Debug|Any CPU
		Release|Any CPU = Release|Any CPU
	EndGlobalSection
	GlobalSection(ProjectConfigurationPlatforms) = postSolution
		{C529D25B-CA3E-41F5-91EA-DA8EAC8523DF}.Debug|Any CPU.ActiveCfg = Debug|Any CPU
		{C529D25B-CA3E-41F5-91EA-DA8EAC8523DF}.Debug|Any CPU.Build.0 = Debug|Any CPU
		{C529D25B-CA3E-41F5-91EA-DA8EAC8523DF}.Release|Any CPU.ActiveCfg = Release|Any CPU
		{C529D25B-CA3E-41F5-91EA-DA8EAC8523DF}.Release|Any CPU.Build.0 = Release|Any CPU
	EndGlobalSection
	GlobalSection(SolutionProperties) = preSolution
		HideSolutionNode = FALSE
	EndGlobalSection
	GlobalSection(ExtensibilityGlobals) = postSolution
		SolutionGuid = {25CFC59E-DD98-4477-B0E2-1CF5872858A0}
	EndGlobalSection
EndGlobal
